
Microsoft Visual Studio Solution File, Format Version 12.00
# Visual Studio 15
Project("{FAE04EC0-301F-11D3-BF4B-00C04F79EFBC}") = "FindFirstNonConsecutiveKata", "FindFirstNonConsecutiveKata\FindFirstNonConsecutiveKata.csproj", "{2711B7FF-69D8-44C5-A0C6-2E1042D9F10D}"
EndProject
Project("{FAE04EC0-301F-11D3-BF4B-00C04F79EFBC}") = "FindFirstNonConsecFunc", "FindFirstNonConsecFunc\FindFirstNonConsecFunc.csproj", "{8B7B42B5-451A-4B5B-9E06-BEDC2688C535}"
EndProject
Global
	GlobalSection(SolutionConfigurationPlatforms) = preSolution
		Debug|Any CPU = Debug|Any CPU
		Release|Any CPU = Release|Any CPU
	EndGlobalSection
	GlobalSection(ProjectConfigurationPlatforms) = postSolution
		{2711B7FF-69D8-44C5-A0C6-2E1042D9F10D}.Debug|Any CPU.ActiveCfg = Debug|Any CPU
		{2711B7FF-69D8-44C5-A0C6-2E1042D9F10D}.Debug|Any CPU.Build.0 = Debug|Any CPU
		{2711B7FF-69D8-44C5-A0C6-2E1042D9F10D}.Release|Any CPU.ActiveCfg = Release|Any CPU
		{2711B7FF-69D8-44C5-A0C6-2E1042D9F10D}.Release|Any CPU.Build.0 = Release|Any CPU
		{8B7B42B5-451A-4B5B-9E06-BEDC2688C535}.Debug|Any CPU.ActiveCfg = Debug|Any CPU
		{8B7B42B5-451A-4B5B-9E06-BEDC2688C535}.Debug|Any CPU.Build.0 = Debug|Any CPU
		{8B7B42B5-451A-4B5B-9E06-BEDC2688C535}.Release|Any CPU.ActiveCfg = Release|Any CPU
		{8B7B42B5-451A-4B5B-9E06-BEDC2688C535}.Release|Any CPU.Build.0 = Release|Any CPU
	EndGlobalSection
EndGlobal
